// !$*UTF8*$!
{
	archiveVersion = 1;
	classes = {
	};
	objectVersion = 50;
	objects = {

/* Begin PBXBuildFile section */
		8446686725C6E302008A1D05 /* GalaxyViewController.swift in Sources */ = {isa = PBXBuildFile; fileRef = 8446686625C6E302008A1D05 /* GalaxyViewController.swift */; };
		8446686A25C70765008A1D05 /* GalaxyViewModel.swift in Sources */ = {isa = PBXBuildFile; fileRef = 8446686925C70765008A1D05 /* GalaxyViewModel.swift */; };
		844F839225BD86190063829F /* WeightProtocol.swift in Sources */ = {isa = PBXBuildFile; fileRef = 844F839125BD86190063829F /* WeightProtocol.swift */; };
		844F839825BD86480063829F /* TimerHandler.swift in Sources */ = {isa = PBXBuildFile; fileRef = 844F839725BD86480063829F /* TimerHandler.swift */; };
		844F839B25BD92E40063829F /* UniverseViewModel.swift in Sources */ = {isa = PBXBuildFile; fileRef = 844F839A25BD92E40063829F /* UniverseViewModel.swift */; };
		8450EED925BDDB00005DB66E /* BlackholeDelegate.swift in Sources */ = {isa = PBXBuildFile; fileRef = 8450EED825BDDB00005DB66E /* BlackholeDelegate.swift */; };
		8454722625B3BD14002272CC /* UniverseTimer.swift in Sources */ = {isa = PBXBuildFile; fileRef = 8454722525B3BD14002272CC /* UniverseTimer.swift */; };
		84564D2225B29C6100E6D747 /* AppDelegate.swift in Sources */ = {isa = PBXBuildFile; fileRef = 84564D2125B29C6100E6D747 /* AppDelegate.swift */; };
		84564D2425B29C6100E6D747 /* SceneDelegate.swift in Sources */ = {isa = PBXBuildFile; fileRef = 84564D2325B29C6100E6D747 /* SceneDelegate.swift */; };
		84564D2625B29C6100E6D747 /* UniverseViewController.swift in Sources */ = {isa = PBXBuildFile; fileRef = 84564D2525B29C6100E6D747 /* UniverseViewController.swift */; };
		84564D2B25B29C6600E6D747 /* Assets.xcassets in Resources */ = {isa = PBXBuildFile; fileRef = 84564D2A25B29C6600E6D747 /* Assets.xcassets */; };
		84564D2E25B29C6600E6D747 /* LaunchScreen.storyboard in Resources */ = {isa = PBXBuildFile; fileRef = 84564D2C25B29C6600E6D747 /* LaunchScreen.storyboard */; };
		84564D3725B2B57E00E6D747 /* Satellite.swift in Sources */ = {isa = PBXBuildFile; fileRef = 84564D3625B2B57E00E6D747 /* Satellite.swift */; };
		84564D3A25B2B5ED00E6D747 /* Star.swift in Sources */ = {isa = PBXBuildFile; fileRef = 84564D3925B2B5ED00E6D747 /* Star.swift */; };
		84564D3D25B2B60500E6D747 /* Planet.swift in Sources */ = {isa = PBXBuildFile; fileRef = 84564D3C25B2B60500E6D747 /* Planet.swift */; };
		84564D4025B2B61900E6D747 /* Galaxy.swift in Sources */ = {isa = PBXBuildFile; fileRef = 84564D3F25B2B61900E6D747 /* Galaxy.swift */; };
		84564D4325B2B63000E6D747 /* Universe.swift in Sources */ = {isa = PBXBuildFile; fileRef = 84564D4225B2B63000E6D747 /* Universe.swift */; };
		8456E02A25C5CF210044F861 /* GalaxyDelegate.swift in Sources */ = {isa = PBXBuildFile; fileRef = 8456E02925C5CF210044F861 /* GalaxyDelegate.swift */; };
		84928F1825B2DE0A00967E05 /* StarPlanetSystem.swift in Sources */ = {isa = PBXBuildFile; fileRef = 84928F1725B2DE0A00967E05 /* StarPlanetSystem.swift */; };
/* End PBXBuildFile section */

/* Begin PBXFileReference section */
		8446686625C6E302008A1D05 /* GalaxyViewController.swift */ = {isa = PBXFileReference; lastKnownFileType = sourcecode.swift; path = GalaxyViewController.swift; sourceTree = "<group>"; };
		8446686925C70765008A1D05 /* GalaxyViewModel.swift */ = {isa = PBXFileReference; lastKnownFileType = sourcecode.swift; path = GalaxyViewModel.swift; sourceTree = "<group>"; };
		844F839125BD86190063829F /* WeightProtocol.swift */ = {isa = PBXFileReference; lastKnownFileType = sourcecode.swift; path = WeightProtocol.swift; sourceTree = "<group>"; };
		844F839725BD86480063829F /* TimerHandler.swift */ = {isa = PBXFileReference; lastKnownFileType = sourcecode.swift; path = TimerHandler.swift; sourceTree = "<group>"; };
		844F839A25BD92E40063829F /* UniverseViewModel.swift */ = {isa = PBXFileReference; lastKnownFileType = sourcecode.swift; path = UniverseViewModel.swift; sourceTree = "<group>"; };
		8450EED825BDDB00005DB66E /* BlackholeDelegate.swift */ = {isa = PBXFileReference; lastKnownFileType = sourcecode.swift; path = BlackholeDelegate.swift; sourceTree = "<group>"; };
		8454722525B3BD14002272CC /* UniverseTimer.swift */ = {isa = PBXFileReference; lastKnownFileType = sourcecode.swift; path = UniverseTimer.swift; sourceTree = "<group>"; };
		84564D1E25B29C6100E6D747 /* PM_Project1.app */ = {isa = PBXFileReference; explicitFileType = wrapper.application; includeInIndex = 0; path = PM_Project1.app; sourceTree = BUILT_PRODUCTS_DIR; };
		84564D2125B29C6100E6D747 /* AppDelegate.swift */ = {isa = PBXFileReference; lastKnownFileType = sourcecode.swift; path = AppDelegate.swift; sourceTree = "<group>"; };
		84564D2325B29C6100E6D747 /* SceneDelegate.swift */ = {isa = PBXFileReference; lastKnownFileType = sourcecode.swift; path = SceneDelegate.swift; sourceTree = "<group>"; };
		84564D2525B29C6100E6D747 /* UniverseViewController.swift */ = {isa = PBXFileReference; lastKnownFileType = sourcecode.swift; path = UniverseViewController.swift; sourceTree = "<group>"; };
		84564D2A25B29C6600E6D747 /* Assets.xcassets */ = {isa = PBXFileReference; lastKnownFileType = folder.assetcatalog; path = Assets.xcassets; sourceTree = "<group>"; };
		84564D2D25B29C6600E6D747 /* Base */ = {isa = PBXFileReference; lastKnownFileType = file.storyboard; name = Base; path = Base.lproj/LaunchScreen.storyboard; sourceTree = "<group>"; };
		84564D2F25B29C6600E6D747 /* Info.plist */ = {isa = PBXFileReference; lastKnownFileType = text.plist.xml; path = Info.plist; sourceTree = "<group>"; };
		84564D3625B2B57E00E6D747 /* Satellite.swift */ = {isa = PBXFileReference; lastKnownFileType = sourcecode.swift; path = Satellite.swift; sourceTree = "<group>"; };
		84564D3925B2B5ED00E6D747 /* Star.swift */ = {isa = PBXFileReference; lastKnownFileType = sourcecode.swift; path = Star.swift; sourceTree = "<group>"; };
		84564D3C25B2B60500E6D747 /* Planet.swift */ = {isa = PBXFileReference; lastKnownFileType = sourcecode.swift; path = Planet.swift; sourceTree = "<group>"; };
		84564D3F25B2B61900E6D747 /* Galaxy.swift */ = {isa = PBXFileReference; lastKnownFileType = sourcecode.swift; path = Galaxy.swift; sourceTree = "<group>"; };
		84564D4225B2B63000E6D747 /* Universe.swift */ = {isa = PBXFileReference; lastKnownFileType = sourcecode.swift; path = Universe.swift; sourceTree = "<group>"; };
		8456E02925C5CF210044F861 /* GalaxyDelegate.swift */ = {isa = PBXFileReference; lastKnownFileType = sourcecode.swift; path = GalaxyDelegate.swift; sourceTree = "<group>"; };
		84928F1725B2DE0A00967E05 /* StarPlanetSystem.swift */ = {isa = PBXFileReference; lastKnownFileType = sourcecode.swift; path = StarPlanetSystem.swift; sourceTree = "<group>"; };
/* End PBXFileReference section */

/* Begin PBXFrameworksBuildPhase section */
		84564D1B25B29C6100E6D747 /* Frameworks */ = {
			isa = PBXFrameworksBuildPhase;
			buildActionMask = 2147483647;
			files = (
			);
			runOnlyForDeploymentPostprocessing = 0;
		};
/* End PBXFrameworksBuildPhase section */

/* Begin PBXGroup section */
		8446686D25C7078C008A1D05 /* ViewModels */ = {
			isa = PBXGroup;
			children = (
				844F839A25BD92E40063829F /* UniverseViewModel.swift */,
				8446686925C70765008A1D05 /* GalaxyViewModel.swift */,
			);
			path = ViewModels;
			sourceTree = "<group>";
		};
		8446686E25C707A0008A1D05 /* Controllers */ = {
			isa = PBXGroup;
			children = (
				84564D2525B29C6100E6D747 /* UniverseViewController.swift */,
				8446686625C6E302008A1D05 /* GalaxyViewController.swift */,
			);
			path = Controllers;
			sourceTree = "<group>";
		};
		844F839425BD86250063829F /* Protocols */ = {
			isa = PBXGroup;
			children = (
				844F839125BD86190063829F /* WeightProtocol.swift */,
				844F839725BD86480063829F /* TimerHandler.swift */,
				8456E02925C5CF210044F861 /* GalaxyDelegate.swift */,
				8450EED825BDDB00005DB66E /* BlackholeDelegate.swift */,
			);
			path = Protocols;
			sourceTree = "<group>";
		};
		84564D1525B29C6100E6D747 = {
			isa = PBXGroup;
			children = (
				84564D2025B29C6100E6D747 /* PM_Project1 */,
				84564D1F25B29C6100E6D747 /* Products */,
			);
			sourceTree = "<group>";
		};
		84564D1F25B29C6100E6D747 /* Products */ = {
			isa = PBXGroup;
			children = (
				84564D1E25B29C6100E6D747 /* PM_Project1.app */,
			);
			name = Products;
			sourceTree = "<group>";
		};
		84564D2025B29C6100E6D747 /* PM_Project1 */ = {
			isa = PBXGroup;
			children = (
				84564D2125B29C6100E6D747 /* AppDelegate.swift */,
				84564D2325B29C6100E6D747 /* SceneDelegate.swift */,
				8454722525B3BD14002272CC /* UniverseTimer.swift */,
				844F839425BD86250063829F /* Protocols */,
				84564D4525B2B67500E6D747 /* Model */,
				8446686D25C7078C008A1D05 /* ViewModels */,
				8446686E25C707A0008A1D05 /* Controllers */,
				84564D2A25B29C6600E6D747 /* Assets.xcassets */,
				84564D2C25B29C6600E6D747 /* LaunchScreen.storyboard */,
				84564D2F25B29C6600E6D747 /* Info.plist */,
			);
			path = PM_Project1;
			sourceTree = "<group>";
		};
		84564D4525B2B67500E6D747 /* Model */ = {
			isa = PBXGroup;
			children = (
				84564D4225B2B63000E6D747 /* Universe.swift */,
				84564D3F25B2B61900E6D747 /* Galaxy.swift */,
				84928F1725B2DE0A00967E05 /* StarPlanetSystem.swift */,
				84564D3925B2B5ED00E6D747 /* Star.swift */,
				84564D3C25B2B60500E6D747 /* Planet.swift */,
				84564D3625B2B57E00E6D747 /* Satellite.swift */,
			);
			path = Model;
			sourceTree = "<group>";
		};
/* End PBXGroup section */

/* Begin PBXNativeTarget section */
		84564D1D25B29C6100E6D747 /* PM_Project1 */ = {
			isa = PBXNativeTarget;
			buildConfigurationList = 84564D3225B29C6600E6D747 /* Build configuration list for PBXNativeTarget "PM_Project1" */;
			buildPhases = (
				84564D1A25B29C6100E6D747 /* Sources */,
				84564D1B25B29C6100E6D747 /* Frameworks */,
				84564D1C25B29C6100E6D747 /* Resources */,
			);
			buildRules = (
			);
			dependencies = (
			);
			name = PM_Project1;
			productName = PM_Project1;
			productReference = 84564D1E25B29C6100E6D747 /* PM_Project1.app */;
			productType = "com.apple.product-type.application";
		};
/* End PBXNativeTarget section */

/* Begin PBXProject section */
		84564D1625B29C6100E6D747 /* Project object */ = {
			isa = PBXProject;
			attributes = {
				LastSwiftUpdateCheck = 1200;
				LastUpgradeCheck = 1200;
				TargetAttributes = {
					84564D1D25B29C6100E6D747 = {
						CreatedOnToolsVersion = 12.0.1;
					};
				};
			};
			buildConfigurationList = 84564D1925B29C6100E6D747 /* Build configuration list for PBXProject "PM_Project1" */;
			compatibilityVersion = "Xcode 9.3";
			developmentRegion = en;
			hasScannedForEncodings = 0;
			knownRegions = (
				en,
				Base,
			);
			mainGroup = 84564D1525B29C6100E6D747;
			productRefGroup = 84564D1F25B29C6100E6D747 /* Products */;
			projectDirPath = "";
			projectRoot = "";
			targets = (
				84564D1D25B29C6100E6D747 /* PM_Project1 */,
			);
		};
/* End PBXProject section */

/* Begin PBXResourcesBuildPhase section */
		84564D1C25B29C6100E6D747 /* Resources */ = {
			isa = PBXResourcesBuildPhase;
			buildActionMask = 2147483647;
			files = (
				84564D2E25B29C6600E6D747 /* LaunchScreen.storyboard in Resources */,
				84564D2B25B29C6600E6D747 /* Assets.xcassets in Resources */,
			);
			runOnlyForDeploymentPostprocessing = 0;
		};
/* End PBXResourcesBuildPhase section */

/* Begin PBXSourcesBuildPhase section */
		84564D1A25B29C6100E6D747 /* Sources */ = {
			isa = PBXSourcesBuildPhase;
			buildActionMask = 2147483647;
			files = (
				84564D2625B29C6100E6D747 /* UniverseViewController.swift in Sources */,
				8454722625B3BD14002272CC /* UniverseTimer.swift in Sources */,
				8446686A25C70765008A1D05 /* GalaxyViewModel.swift in Sources */,
				84564D4025B2B61900E6D747 /* Galaxy.swift in Sources */,
				84564D4325B2B63000E6D747 /* Universe.swift in Sources */,
				844F839825BD86480063829F /* TimerHandler.swift in Sources */,
				84564D3725B2B57E00E6D747 /* Satellite.swift in Sources */,
				84928F1825B2DE0A00967E05 /* StarPlanetSystem.swift in Sources */,
				8456E02A25C5CF210044F861 /* GalaxyDelegate.swift in Sources */,
				84564D2225B29C6100E6D747 /* AppDelegate.swift in Sources */,
				844F839B25BD92E40063829F /* UniverseViewModel.swift in Sources */,
				8446686725C6E302008A1D05 /* GalaxyViewController.swift in Sources */,
				84564D3D25B2B60500E6D747 /* Planet.swift in Sources */,
				8450EED925BDDB00005DB66E /* BlackholeDelegate.swift in Sources */,
				844F839225BD86190063829F /* WeightProtocol.swift in Sources */,
				84564D3A25B2B5ED00E6D747 /* Star.swift in Sources */,
				84564D2425B29C6100E6D747 /* SceneDelegate.swift in Sources */,
			);
			runOnlyForDeploymentPostprocessing = 0;
		};
/* End PBXSourcesBuildPhase section */

/* Begin PBXVariantGroup section */
		84564D2C25B29C6600E6D747 /* LaunchScreen.storyboard */ = {
			isa = PBXVariantGroup;
			children = (
				84564D2D25B29C6600E6D747 /* Base */,
			);
			name = LaunchScreen.storyboard;
			sourceTree = "<group>";
		};
/* End PBXVariantGroup section */

/* Begin XCBuildConfiguration section */
		84564D3025B29C6600E6D747 /* Debug */ = {
			isa = XCBuildConfiguration;
			buildSettings = {
				ALWAYS_SEARCH_USER_PATHS = NO;
				CLANG_ANALYZER_NONNULL = YES;
				CLANG_ANALYZER_NUMBER_OBJECT_CONVERSION = YES_AGGRESSIVE;
				CLANG_CXX_LANGUAGE_STANDARD = "gnu++14";
				CLANG_CXX_LIBRARY = "libc++";
				CLANG_ENABLE_MODULES = YES;
				CLANG_ENABLE_OBJC_ARC = YES;
				CLANG_ENABLE_OBJC_WEAK = YES;
				CLANG_WARN_BLOCK_CAPTURE_AUTORELEASING = YES;
				CLANG_WARN_BOOL_CONVERSION = YES;
				CLANG_WARN_COMMA = YES;
				CLANG_WARN_CONSTANT_CONVERSION = YES;
				CLANG_WARN_DEPRECATED_OBJC_IMPLEMENTATIONS = YES;
				CLANG_WARN_DIRECT_OBJC_ISA_USAGE = YES_ERROR;
				CLANG_WARN_DOCUMENTATION_COMMENTS = YES;
				CLANG_WARN_EMPTY_BODY = YES;
				CLANG_WARN_ENUM_CONVERSION = YES;
				CLANG_WARN_INFINITE_RECURSION = YES;
				CLANG_WARN_INT_CONVERSION = YES;
				CLANG_WARN_NON_LITERAL_NULL_CONVERSION = YES;
				CLANG_WARN_OBJC_IMPLICIT_RETAIN_SELF = YES;
				CLANG_WARN_OBJC_LITERAL_CONVERSION = YES;
				CLANG_WARN_OBJC_ROOT_CLASS = YES_ERROR;
				CLANG_WARN_QUOTED_INCLUDE_IN_FRAMEWORK_HEADER = YES;
				CLANG_WARN_RANGE_LOOP_ANALYSIS = YES;
				CLANG_WARN_STRICT_PROTOTYPES = YES;
				CLANG_WARN_SUSPICIOUS_MOVE = YES;
				CLANG_WARN_UNGUARDED_AVAILABILITY = YES_AGGRESSIVE;
				CLANG_WARN_UNREACHABLE_CODE = YES;
				CLANG_WARN__DUPLICATE_METHOD_MATCH = YES;
				COPY_PHASE_STRIP = NO;
				DEBUG_INFORMATION_FORMAT = dwarf;
				ENABLE_STRICT_OBJC_MSGSEND = YES;
				ENABLE_TESTABILITY = YES;
				GCC_C_LANGUAGE_STANDARD = gnu11;
				GCC_DYNAMIC_NO_PIC = NO;
				GCC_NO_COMMON_BLOCKS = YES;
				GCC_OPTIMIZATION_LEVEL = 0;
				GCC_PREPROCESSOR_DEFINITIONS = (
					"DEBUG=1",
					"$(inherited)",
				);
				GCC_WARN_64_TO_32_BIT_CONVERSION = YES;
				GCC_WARN_ABOUT_RETURN_TYPE = YES_ERROR;
				GCC_WARN_UNDECLARED_SELECTOR = YES;
				GCC_WARN_UNINITIALIZED_AUTOS = YES_AGGRESSIVE;
				GCC_WARN_UNUSED_FUNCTION = YES;
				GCC_WARN_UNUSED_VARIABLE = YES;
				IPHONEOS_DEPLOYMENT_TARGET = 14.0;
				MTL_ENABLE_DEBUG_INFO = INCLUDE_SOURCE;
				MTL_FAST_MATH = YES;
				ONLY_ACTIVE_ARCH = YES;
				SDKROOT = iphoneos;
				SWIFT_ACTIVE_COMPILATION_CONDITIONS = DEBUG;
				SWIFT_OPTIMIZATION_LEVEL = "-Onone";
			};
			name = Debug;
		};
		84564D3125B29C6600E6D747 /* Release */ = {
			isa = XCBuildConfiguration;
			buildSettings = {
				ALWAYS_SEARCH_USER_PATHS = NO;
				CLANG_ANALYZER_NONNULL = YES;
				CLANG_ANALYZER_NUMBER_OBJECT_CONVERSION = YES_AGGRESSIVE;
				CLANG_CXX_LANGUAGE_STANDARD = "gnu++14";
				CLANG_CXX_LIBRARY = "libc++";
				CLANG_ENABLE_MODULES = YES;
				CLANG_ENABLE_OBJC_ARC = YES;
				CLANG_ENABLE_OBJC_WEAK = YES;
				CLANG_WARN_BLOCK_CAPTURE_AUTORELEASING = YES;
				CLANG_WARN_BOOL_CONVERSION = YES;
				CLANG_WARN_COMMA = YES;
				CLANG_WARN_CONSTANT_CONVERSION = YES;
				CLANG_WARN_DEPRECATED_OBJC_IMPLEMENTATIONS = YES;
				CLANG_WARN_DIRECT_OBJC_ISA_USAGE = YES_ERROR;
				CLANG_WARN_DOCUMENTATION_COMMENTS = YES;
				CLANG_WARN_EMPTY_BODY = YES;
				CLANG_WARN_ENUM_CONVERSION = YES;
				CLANG_WARN_INFINITE_RECURSION = YES;
				CLANG_WARN_INT_CONVERSION = YES;
				CLANG_WARN_NON_LITERAL_NULL_CONVERSION = YES;
				CLANG_WARN_OBJC_IMPLICIT_RETAIN_SELF = YES;
				CLANG_WARN_OBJC_LITERAL_CONVERSION = YES;
				CLANG_WARN_OBJC_ROOT_CLASS = YES_ERROR;
				CLANG_WARN_QUOTED_INCLUDE_IN_FRAMEWORK_HEADER = YES;
				CLANG_WARN_RANGE_LOOP_ANALYSIS = YES;
				CLANG_WARN_STRICT_PROTOTYPES = YES;
				CLANG_WARN_SUSPICIOUS_MOVE = YES;
				CLANG_WARN_UNGUARDED_AVAILABILITY = YES_AGGRESSIVE;
				CLANG_WARN_UNREACHABLE_CODE = YES;
				CLANG_WARN__DUPLICATE_METHOD_MATCH = YES;
				COPY_PHASE_STRIP = NO;
				DEBUG_INFORMATION_FORMAT = "dwarf-with-dsym";
				ENABLE_NS_ASSERTIONS = NO;
				ENABLE_STRICT_OBJC_MSGSEND = YES;
				GCC_C_LANGUAGE_STANDARD = gnu11;
				GCC_NO_COMMON_BLOCKS = YES;
				GCC_WARN_64_TO_32_BIT_CONVERSION = YES;
				GCC_WARN_ABOUT_RETURN_TYPE = YES_ERROR;
				GCC_WARN_UNDECLARED_SELECTOR = YES;
				GCC_WARN_UNINITIALIZED_AUTOS = YES_AGGRESSIVE;
				GCC_WARN_UNUSED_FUNCTION = YES;
				GCC_WARN_UNUSED_VARIABLE = YES;
				IPHONEOS_DEPLOYMENT_TARGET = 14.0;
				MTL_ENABLE_DEBUG_INFO = NO;
				MTL_FAST_MATH = YES;
				SDKROOT = iphoneos;
				SWIFT_COMPILATION_MODE = wholemodule;
				SWIFT_OPTIMIZATION_LEVEL = "-O";
				VALIDATE_PRODUCT = YES;
			};
			name = Release;
		};
		84564D3325B29C6600E6D747 /* Debug */ = {
			isa = XCBuildConfiguration;
			buildSettings = {
				ASSETCATALOG_COMPILER_APPICON_NAME = AppIcon;
				ASSETCATALOG_COMPILER_GLOBAL_ACCENT_COLOR_NAME = AccentColor;
				CODE_SIGN_STYLE = Automatic;
				INFOPLIST_FILE = PM_Project1/Info.plist;
				LD_RUNPATH_SEARCH_PATHS = (
					"$(inherited)",
					"@executable_path/Frameworks",
				);
				PRODUCT_BUNDLE_IDENTIFIER = "MK.PM-Project1";
				PRODUCT_NAME = "$(TARGET_NAME)";
				SWIFT_VERSION = 5.0;
				TARGETED_DEVICE_FAMILY = "1,2";
			};
			name = Debug;
		};
		84564D3425B29C6600E6D747 /* Release */ = {
			isa = XCBuildConfiguration;
			buildSettings = {
				ASSETCATALOG_COMPILER_APPICON_NAME = AppIcon;
				ASSETCATALOG_COMPILER_GLOBAL_ACCENT_COLOR_NAME = AccentColor;
				CODE_SIGN_STYLE = Automatic;
				INFOPLIST_FILE = PM_Project1/Info.plist;
				LD_RUNPATH_SEARCH_PATHS = (
					"$(inherited)",
					"@executable_path/Frameworks",
				);
				PRODUCT_BUNDLE_IDENTIFIER = "MK.PM-Project1";
				PRODUCT_NAME = "$(TARGET_NAME)";
				SWIFT_VERSION = 5.0;
				TARGETED_DEVICE_FAMILY = "1,2";
			};
			name = Release;
		};
/* End XCBuildConfiguration section */

/* Begin XCConfigurationList section */
		84564D1925B29C6100E6D747 /* Build configuration list for PBXProject "PM_Project1" */ = {
			isa = XCConfigurationList;
			buildConfigurations = (
				84564D3025B29C6600E6D747 /* Debug */,
				84564D3125B29C6600E6D747 /* Release */,
			);
			defaultConfigurationIsVisible = 0;
			defaultConfigurationName = Release;
		};
		84564D3225B29C6600E6D747 /* Build configuration list for PBXNativeTarget "PM_Project1" */ = {
			isa = XCConfigurationList;
			buildConfigurations = (
				84564D3325B29C6600E6D747 /* Debug */,
				84564D3425B29C6600E6D747 /* Release */,
			);
			defaultConfigurationIsVisible = 0;
			defaultConfigurationName = Release;
		};
/* End XCConfigurationList section */
	};
	rootObject = 84564D1625B29C6100E6D747 /* Project object */;
}
